
Microsoft Visual Studio Solution File, Format Version 11.00
# Visual Studio 2010
Project("{FAE04EC0-301F-11D3-BF4B-00C04F79EFBC}") = "BLL", "BLL\BLL.csproj", "{FC57BD8B-A36A-48E3-80B4-D09105AD790D}"
EndProject
Project("{FAE04EC0-301F-11D3-BF4B-00C04F79EFBC}") = "Model", "Model\Model.csproj", "{53995DBB-9836-4647-AD22-865884FDEB9E}"
EndProject
Project("{FAE04EC0-301F-11D3-BF4B-00C04F79EFBC}") = "PageControl", "PageControl\PageControl.csproj", "{10D6DC73-8CCD-4644-9309-1A1A8609AB8C}"
EndProject
Project("{FAE04EC0-301F-11D3-BF4B-00C04F79EFBC}") = "DBAccessLayer", "DBAccessLayer\DBAccessLayer.csproj", "{00673C18-7E2F-4A31-88F4-BF788F662066}"
EndProject
Project("{FAE04EC0-301F-11D3-BF4B-00C04F79EFBC}") = "DAO", "DAO\DAO.csproj", "{CF2A648C-B23E-4730-B840-94E0F7A372C8}"
EndProject
Project("{FAE04EC0-301F-11D3-BF4B-00C04F79EFBC}") = "Com", "Com\Com.csproj", "{FA496EDA-48B2-4758-B5D2-93560BC42B7F}"
EndProject
Project("{E24C65DC-7377-472B-9ABA-BC803B73C61A}") = "Web", "Web", "{23567348-6594-48DF-B0AF-27C80A92C48C}"
	ProjectSection(WebsiteProperties) = preProject
		TargetFrameworkMoniker = ".NETFramework,Version%3Dv4.0"
		ProjectReferences = "{FC57BD8B-A36A-48E3-80B4-D09105AD790D}|Js.BLL.dll;{CF2A648C-B23E-4730-B840-94E0F7A372C8}|Js.DAO.dll;{00673C18-7E2F-4A31-88F4-BF788F662066}|DBAccessLayer.dll;{53995DBB-9836-4647-AD22-865884FDEB9E}|Js.Model.dll;{FA496EDA-48B2-4758-B5D2-93560BC42B7F}|Js.Com.dll;{10D6DC73-8CCD-4644-9309-1A1A8609AB8C}|Js.PageControl.dll;"
		Debug.AspNetCompiler.VirtualPath = "/Web"
		Debug.AspNetCompiler.PhysicalPath = "Web\"
		Debug.AspNetCompiler.TargetPath = "PrecompiledWeb\Web\"
		Debug.AspNetCompiler.Updateable = "true"
		Debug.AspNetCompiler.ForceOverwrite = "true"
		Debug.AspNetCompiler.FixedNames = "false"
		Debug.AspNetCompiler.Debug = "True"
		Release.AspNetCompiler.VirtualPath = "/Web"
		Release.AspNetCompiler.PhysicalPath = "Web\"
		Release.AspNetCompiler.TargetPath = "PrecompiledWeb\Web\"
		Release.AspNetCompiler.Updateable = "true"
		Release.AspNetCompiler.ForceOverwrite = "true"
		Release.AspNetCompiler.FixedNames = "false"
		Release.AspNetCompiler.Debug = "False"
		VWDPort = "7152"
		DefaultWebSiteLanguage = "Visual C#"
	EndProjectSection
EndProject
Project("{FAE04EC0-301F-11D3-BF4B-00C04F79EFBC}") = "Main", "Main\Main.csproj", "{A748F6AC-78A3-4C6A-B857-923E589E4426}"
EndProject
Project("{FAE04EC0-301F-11D3-BF4B-00C04F79EFBC}") = "Wcf", "Wcf\Wcf.csproj", "{B4D50BBB-64DF-4298-B579-FEEC0B9B228E}"
EndProject
Project("{FAE04EC0-301F-11D3-BF4B-00C04F79EFBC}") = "WcfService", "WcfService\WcfService.csproj", "{0A26ECA2-26C8-4366-907C-B927CC69D743}"
EndProject
Global
	GlobalSection(SolutionConfigurationPlatforms) = preSolution
		Debug|.NET = Debug|.NET
		Debug|Any CPU = Debug|Any CPU
		Debug|Mixed Platforms = Debug|Mixed Platforms
		Debug|x86 = Debug|x86
		Release|.NET = Release|.NET
		Release|Any CPU = Release|Any CPU
		Release|Mixed Platforms = Release|Mixed Platforms
		Release|x86 = Release|x86
	EndGlobalSection
	GlobalSection(ProjectConfigurationPlatforms) = postSolution
		{FC57BD8B-A36A-48E3-80B4-D09105AD790D}.Debug|.NET.ActiveCfg = Debug|Any CPU
		{FC57BD8B-A36A-48E3-80B4-D09105AD790D}.Debug|Any CPU.ActiveCfg = Debug|Any CPU
		{FC57BD8B-A36A-48E3-80B4-D09105AD790D}.Debug|Any CPU.Build.0 = Debug|Any CPU
		{FC57BD8B-A36A-48E3-80B4-D09105AD790D}.Debug|Mixed Platforms.ActiveCfg = Debug|Any CPU
		{FC57BD8B-A36A-48E3-80B4-D09105AD790D}.Debug|Mixed Platforms.Build.0 = Debug|Any CPU
		{FC57BD8B-A36A-48E3-80B4-D09105AD790D}.Debug|x86.ActiveCfg = Debug|Any CPU
		{FC57BD8B-A36A-48E3-80B4-D09105AD790D}.Release|.NET.ActiveCfg = Release|Any CPU
		{FC57BD8B-A36A-48E3-80B4-D09105AD790D}.Release|Any CPU.ActiveCfg = Release|Any CPU
		{FC57BD8B-A36A-48E3-80B4-D09105AD790D}.Release|Any CPU.Build.0 = Release|Any CPU
		{FC57BD8B-A36A-48E3-80B4-D09105AD790D}.Release|Mixed Platforms.ActiveCfg = Release|Any CPU
		{FC57BD8B-A36A-48E3-80B4-D09105AD790D}.Release|Mixed Platforms.Build.0 = Release|Any CPU
		{FC57BD8B-A36A-48E3-80B4-D09105AD790D}.Release|x86.ActiveCfg = Release|Any CPU
		{53995DBB-9836-4647-AD22-865884FDEB9E}.Debug|.NET.ActiveCfg = Debug|Any CPU
		{53995DBB-9836-4647-AD22-865884FDEB9E}.Debug|Any CPU.ActiveCfg = Debug|Any CPU
		{53995DBB-9836-4647-AD22-865884FDEB9E}.Debug|Any CPU.Build.0 = Debug|Any CPU
		{53995DBB-9836-4647-AD22-865884FDEB9E}.Debug|Mixed Platforms.ActiveCfg = Debug|Any CPU
		{53995DBB-9836-4647-AD22-865884FDEB9E}.Debug|Mixed Platforms.Build.0 = Debug|Any CPU
		{53995DBB-9836-4647-AD22-865884FDEB9E}.Debug|x86.ActiveCfg = Debug|Any CPU
		{53995DBB-9836-4647-AD22-865884FDEB9E}.Release|.NET.ActiveCfg = Release|Any CPU
		{53995DBB-9836-4647-AD22-865884FDEB9E}.Release|Any CPU.ActiveCfg = Release|Any CPU
		{53995DBB-9836-4647-AD22-865884FDEB9E}.Release|Any CPU.Build.0 = Release|Any CPU
		{53995DBB-9836-4647-AD22-865884FDEB9E}.Release|Mixed Platforms.ActiveCfg = Release|Any CPU
		{53995DBB-9836-4647-AD22-865884FDEB9E}.Release|Mixed Platforms.Build.0 = Release|Any CPU
		{53995DBB-9836-4647-AD22-865884FDEB9E}.Release|x86.ActiveCfg = Release|Any CPU
		{10D6DC73-8CCD-4644-9309-1A1A8609AB8C}.Debug|.NET.ActiveCfg = Debug|Any CPU
		{10D6DC73-8CCD-4644-9309-1A1A8609AB8C}.Debug|Any CPU.ActiveCfg = Debug|Any CPU
		{10D6DC73-8CCD-4644-9309-1A1A8609AB8C}.Debug|Any CPU.Build.0 = Debug|Any CPU
		{10D6DC73-8CCD-4644-9309-1A1A8609AB8C}.Debug|Mixed Platforms.ActiveCfg = Debug|Any CPU
		{10D6DC73-8CCD-4644-9309-1A1A8609AB8C}.Debug|Mixed Platforms.Build.0 = Debug|Any CPU
		{10D6DC73-8CCD-4644-9309-1A1A8609AB8C}.Debug|x86.ActiveCfg = Debug|Any CPU
		{10D6DC73-8CCD-4644-9309-1A1A8609AB8C}.Release|.NET.ActiveCfg = Release|Any CPU
		{10D6DC73-8CCD-4644-9309-1A1A8609AB8C}.Release|Any CPU.ActiveCfg = Release|Any CPU
		{10D6DC73-8CCD-4644-9309-1A1A8609AB8C}.Release|Any CPU.Build.0 = Release|Any CPU
		{10D6DC73-8CCD-4644-9309-1A1A8609AB8C}.Release|Mixed Platforms.ActiveCfg = Release|Any CPU
		{10D6DC73-8CCD-4644-9309-1A1A8609AB8C}.Release|Mixed Platforms.Build.0 = Release|Any CPU
		{10D6DC73-8CCD-4644-9309-1A1A8609AB8C}.Release|x86.ActiveCfg = Release|Any CPU
		{00673C18-7E2F-4A31-88F4-BF788F662066}.Debug|.NET.ActiveCfg = Debug|Any CPU
		{00673C18-7E2F-4A31-88F4-BF788F662066}.Debug|Any CPU.ActiveCfg = Debug|Any CPU
		{00673C18-7E2F-4A31-88F4-BF788F662066}.Debug|Any CPU.Build.0 = Debug|Any CPU
		{00673C18-7E2F-4A31-88F4-BF788F662066}.Debug|Mixed Platforms.ActiveCfg = Debug|Any CPU
		{00673C18-7E2F-4A31-88F4-BF788F662066}.Debug|Mixed Platforms.Build.0 = Debug|Any CPU
		{00673C18-7E2F-4A31-88F4-BF788F662066}.Debug|x86.ActiveCfg = Debug|Any CPU
		{00673C18-7E2F-4A31-88F4-BF788F662066}.Release|.NET.ActiveCfg = Release|Any CPU
		{00673C18-7E2F-4A31-88F4-BF788F662066}.Release|Any CPU.ActiveCfg = Release|Any CPU
		{00673C18-7E2F-4A31-88F4-BF788F662066}.Release|Any CPU.Build.0 = Release|Any CPU
		{00673C18-7E2F-4A31-88F4-BF788F662066}.Release|Mixed Platforms.ActiveCfg = Release|Any CPU
		{00673C18-7E2F-4A31-88F4-BF788F662066}.Release|Mixed Platforms.Build.0 = Release|Any CPU
		{00673C18-7E2F-4A31-88F4-BF788F662066}.Release|x86.ActiveCfg = Release|Any CPU
		{CF2A648C-B23E-4730-B840-94E0F7A372C8}.Debug|.NET.ActiveCfg = Debug|Any CPU
		{CF2A648C-B23E-4730-B840-94E0F7A372C8}.Debug|Any CPU.ActiveCfg = Debug|Any CPU
		{CF2A648C-B23E-4730-B840-94E0F7A372C8}.Debug|Any CPU.Build.0 = Debug|Any CPU
		{CF2A648C-B23E-4730-B840-94E0F7A372C8}.Debug|Mixed Platforms.ActiveCfg = Debug|Any CPU
		{CF2A648C-B23E-4730-B840-94E0F7A372C8}.Debug|Mixed Platforms.Build.0 = Debug|Any CPU
		{CF2A648C-B23E-4730-B840-94E0F7A372C8}.Debug|x86.ActiveCfg = Debug|Any CPU
		{CF2A648C-B23E-4730-B840-94E0F7A372C8}.Release|.NET.ActiveCfg = Release|Any CPU
		{CF2A648C-B23E-4730-B840-94E0F7A372C8}.Release|Any CPU.ActiveCfg = Release|Any CPU
		{CF2A648C-B23E-4730-B840-94E0F7A372C8}.Release|Any CPU.Build.0 = Release|Any CPU
		{CF2A648C-B23E-4730-B840-94E0F7A372C8}.Release|Mixed Platforms.ActiveCfg = Release|Any CPU
		{CF2A648C-B23E-4730-B840-94E0F7A372C8}.Release|Mixed Platforms.Build.0 = Release|Any CPU
		{CF2A648C-B23E-4730-B840-94E0F7A372C8}.Release|x86.ActiveCfg = Release|Any CPU
		{FA496EDA-48B2-4758-B5D2-93560BC42B7F}.Debug|.NET.ActiveCfg = Debug|Any CPU
		{FA496EDA-48B2-4758-B5D2-93560BC42B7F}.Debug|Any CPU.ActiveCfg = Debug|Any CPU
		{FA496EDA-48B2-4758-B5D2-93560BC42B7F}.Debug|Any CPU.Build.0 = Debug|Any CPU
		{FA496EDA-48B2-4758-B5D2-93560BC42B7F}.Debug|Mixed Platforms.ActiveCfg = Debug|Any CPU
		{FA496EDA-48B2-4758-B5D2-93560BC42B7F}.Debug|Mixed Platforms.Build.0 = Debug|Any CPU
		{FA496EDA-48B2-4758-B5D2-93560BC42B7F}.Debug|x86.ActiveCfg = Debug|Any CPU
		{FA496EDA-48B2-4758-B5D2-93560BC42B7F}.Release|.NET.ActiveCfg = Release|Any CPU
		{FA496EDA-48B2-4758-B5D2-93560BC42B7F}.Release|Any CPU.ActiveCfg = Release|Any CPU
		{FA496EDA-48B2-4758-B5D2-93560BC42B7F}.Release|Any CPU.Build.0 = Release|Any CPU
		{FA496EDA-48B2-4758-B5D2-93560BC42B7F}.Release|Mixed Platforms.ActiveCfg = Release|Any CPU
		{FA496EDA-48B2-4758-B5D2-93560BC42B7F}.Release|Mixed Platforms.Build.0 = Release|Any CPU
		{FA496EDA-48B2-4758-B5D2-93560BC42B7F}.Release|x86.ActiveCfg = Release|Any CPU
		{23567348-6594-48DF-B0AF-27C80A92C48C}.Debug|.NET.ActiveCfg = Debug|Any CPU
		{23567348-6594-48DF-B0AF-27C80A92C48C}.Debug|Any CPU.ActiveCfg = Debug|Any CPU
		{23567348-6594-48DF-B0AF-27C80A92C48C}.Debug|Any CPU.Build.0 = Debug|Any CPU
		{23567348-6594-48DF-B0AF-27C80A92C48C}.Debug|Mixed Platforms.ActiveCfg = Debug|Any CPU
		{23567348-6594-48DF-B0AF-27C80A92C48C}.Debug|Mixed Platforms.Build.0 = Debug|Any CPU
		{23567348-6594-48DF-B0AF-27C80A92C48C}.Debug|x86.ActiveCfg = Debug|Any CPU
		{23567348-6594-48DF-B0AF-27C80A92C48C}.Release|.NET.ActiveCfg = Debug|Any CPU
		{23567348-6594-48DF-B0AF-27C80A92C48C}.Release|Any CPU.ActiveCfg = Debug|Any CPU
		{23567348-6594-48DF-B0AF-27C80A92C48C}.Release|Any CPU.Build.0 = Debug|Any CPU
		{23567348-6594-48DF-B0AF-27C80A92C48C}.Release|Mixed Platforms.ActiveCfg = Debug|Any CPU
		{23567348-6594-48DF-B0AF-27C80A92C48C}.Release|Mixed Platforms.Build.0 = Debug|Any CPU
		{23567348-6594-48DF-B0AF-27C80A92C48C}.Release|x86.ActiveCfg = Debug|Any CPU
		{A748F6AC-78A3-4C6A-B857-923E589E4426}.Debug|.NET.ActiveCfg = Debug|x86
		{A748F6AC-78A3-4C6A-B857-923E589E4426}.Debug|Any CPU.ActiveCfg = Debug|x86
		{A748F6AC-78A3-4C6A-B857-923E589E4426}.Debug|Mixed Platforms.ActiveCfg = Debug|x86
		{A748F6AC-78A3-4C6A-B857-923E589E4426}.Debug|Mixed Platforms.Build.0 = Debug|x86
		{A748F6AC-78A3-4C6A-B857-923E589E4426}.Debug|x86.ActiveCfg = Debug|x86
		{A748F6AC-78A3-4C6A-B857-923E589E4426}.Debug|x86.Build.0 = Debug|x86
		{A748F6AC-78A3-4C6A-B857-923E589E4426}.Release|.NET.ActiveCfg = Release|x86
		{A748F6AC-78A3-4C6A-B857-923E589E4426}.Release|Any CPU.ActiveCfg = Release|x86
		{A748F6AC-78A3-4C6A-B857-923E589E4426}.Release|Mixed Platforms.ActiveCfg = Release|x86
		{A748F6AC-78A3-4C6A-B857-923E589E4426}.Release|Mixed Platforms.Build.0 = Release|x86
		{A748F6AC-78A3-4C6A-B857-923E589E4426}.Release|x86.ActiveCfg = Release|x86
		{A748F6AC-78A3-4C6A-B857-923E589E4426}.Release|x86.Build.0 = Release|x86
		{B4D50BBB-64DF-4298-B579-FEEC0B9B228E}.Debug|.NET.ActiveCfg = Debug|Any CPU
		{B4D50BBB-64DF-4298-B579-FEEC0B9B228E}.Debug|Any CPU.ActiveCfg = Debug|Any CPU
		{B4D50BBB-64DF-4298-B579-FEEC0B9B228E}.Debug|Any CPU.Build.0 = Debug|Any CPU
		{B4D50BBB-64DF-4298-B579-FEEC0B9B228E}.Debug|Mixed Platforms.ActiveCfg = Debug|Any CPU
		{B4D50BBB-64DF-4298-B579-FEEC0B9B228E}.Debug|Mixed Platforms.Build.0 = Debug|Any CPU
		{B4D50BBB-64DF-4298-B579-FEEC0B9B228E}.Debug|x86.ActiveCfg = Debug|Any CPU
		{B4D50BBB-64DF-4298-B579-FEEC0B9B228E}.Release|.NET.ActiveCfg = Release|Any CPU
		{B4D50BBB-64DF-4298-B579-FEEC0B9B228E}.Release|Any CPU.ActiveCfg = Release|Any CPU
		{B4D50BBB-64DF-4298-B579-FEEC0B9B228E}.Release|Any CPU.Build.0 = Release|Any CPU
		{B4D50BBB-64DF-4298-B579-FEEC0B9B228E}.Release|Mixed Platforms.ActiveCfg = Release|Any CPU
		{B4D50BBB-64DF-4298-B579-FEEC0B9B228E}.Release|Mixed Platforms.Build.0 = Release|Any CPU
		{B4D50BBB-64DF-4298-B579-FEEC0B9B228E}.Release|x86.ActiveCfg = Release|Any CPU
		{0A26ECA2-26C8-4366-907C-B927CC69D743}.Debug|.NET.ActiveCfg = Debug|Any CPU
		{0A26ECA2-26C8-4366-907C-B927CC69D743}.Debug|Any CPU.ActiveCfg = Debug|Any CPU
		{0A26ECA2-26C8-4366-907C-B927CC69D743}.Debug|Any CPU.Build.0 = Debug|Any CPU
		{0A26ECA2-26C8-4366-907C-B927CC69D743}.Debug|Mixed Platforms.ActiveCfg = Debug|Any CPU
		{0A26ECA2-26C8-4366-907C-B927CC69D743}.Debug|Mixed Platforms.Build.0 = Debug|Any CPU
		{0A26ECA2-26C8-4366-907C-B927CC69D743}.Debug|x86.ActiveCfg = Debug|Any CPU
		{0A26ECA2-26C8-4366-907C-B927CC69D743}.Release|.NET.ActiveCfg = Release|Any CPU
		{0A26ECA2-26C8-4366-907C-B927CC69D743}.Release|Any CPU.ActiveCfg = Release|Any CPU
		{0A26ECA2-26C8-4366-907C-B927CC69D743}.Release|Any CPU.Build.0 = Release|Any CPU
		{0A26ECA2-26C8-4366-907C-B927CC69D743}.Release|Mixed Platforms.ActiveCfg = Release|Any CPU
		{0A26ECA2-26C8-4366-907C-B927CC69D743}.Release|Mixed Platforms.Build.0 = Release|Any CPU
		{0A26ECA2-26C8-4366-907C-B927CC69D743}.Release|x86.ActiveCfg = Release|Any CPU
	EndGlobalSection
	GlobalSection(SolutionProperties) = preSolution
		HideSolutionNode = FALSE
	EndGlobalSection
EndGlobal
